
Microsoft Visual Studio Solution File, Format Version 12.00
# Visual Studio 14
VisualStudioVersion = 14.0.24720.0
MinimumVisualStudioVersion = 10.0.40219.1
Project("{8BC9CEB8-8B4A-11D0-8D11-00A0C91BC942}") = "Point_Cloud_Viz", "Point_Cloud_Viz\Point_Cloud_Viz.vcxproj", "{99C28E83-8E59-4A60-8EBE-6102D5D9204E}"
EndProject
Global
	GlobalSection(SolutionConfigurationPlatforms) = preSolution
		Debug|x64 = Debug|x64
		Debug|x86 = Debug|x86
		Release|x64 = Release|x64
		Release|x86 = Release|x86
	EndGlobalSection
	GlobalSection(ProjectConfigurationPlatforms) = postSolution
		{99C28E83-8E59-4A60-8EBE-6102D5D9204E}.Debug|x64.ActiveCfg = Debug|x64
		{99C28E83-8E59-4A60-8EBE-6102D5D9204E}.Debug|x64.Build.0 = Debug|x64
		{99C28E83-8E59-4A60-8EBE-6102D5D9204E}.Debug|x86.ActiveCfg = Debug|x64
		{99C28E83-8E59-4A60-8EBE-6102D5D9204E}.Debug|x86.Build.0 = Debug|x64
		{99C28E83-8E59-4A60-8EBE-6102D5D9204E}.Release|x64.ActiveCfg = Release|x64
		{99C28E83-8E59-4A60-8EBE-6102D5D9204E}.Release|x64.Build.0 = Release|x64
		{99C28E83-8E59-4A60-8EBE-6102D5D9204E}.Release|x86.ActiveCfg = Release|Win32
		{99C28E83-8E59-4A60-8EBE-6102D5D9204E}.Release|x86.Build.0 = Release|Win32
	EndGlobalSection
	GlobalSection(SolutionProperties) = preSolution
		HideSolutionNode = FALSE
	EndGlobalSection
EndGlobal
